
Microsoft Visual Studio Solution File, Format Version 12.00
# Visual Studio Version 17
VisualStudioVersion = 17.3.32929.385
MinimumVisualStudioVersion = 10.0.40219.1
Project("{FAE04EC0-301F-11D3-BF4B-00C04F79EFBC}") = "8.HaftaNtpOrnekleri", "8.HaftaNtpOrnekleri\8.HaftaNtpOrnekleri.csproj", "{5F68D532-F37C-43DF-AF31-F7D8D3306EF1}"
EndProject
Global
	GlobalSection(SolutionConfigurationPlatforms) = preSolution
		Debug|Any CPU = Debug|Any CPU
		Release|Any CPU = Release|Any CPU
	EndGlobalSection
	GlobalSection(ProjectConfigurationPlatforms) = postSolution
		{5F68D532-F37C-43DF-AF31-F7D8D3306EF1}.Debug|Any CPU.ActiveCfg = Debug|Any CPU
		{5F68D532-F37C-43DF-AF31-F7D8D3306EF1}.Debug|Any CPU.Build.0 = Debug|Any CPU
		{5F68D532-F37C-43DF-AF31-F7D8D3306EF1}.Release|Any CPU.ActiveCfg = Release|Any CPU
		{5F68D532-F37C-43DF-AF31-F7D8D3306EF1}.Release|Any CPU.Build.0 = Release|Any CPU
	EndGlobalSection
	GlobalSection(SolutionProperties) = preSolution
		HideSolutionNode = FALSE
	EndGlobalSection
	GlobalSection(ExtensibilityGlobals) = postSolution
		SolutionGuid = {8530ADBE-3C33-491D-A072-A8626F1828B6}
	EndGlobalSection
EndGlobal
